
Microsoft Visual Studio Solution File, Format Version 12.00
# Visual Studio Version 17
VisualStudioVersion = 17.0.31903.59
MinimumVisualStudioVersion = 10.0.40219.1
Project("{2150E333-8FDC-42A3-9474-1A3956D46DE8}") = "src", "src", "{827E0CD3-B72D-47B6-A68D-7590B98EB39B}"
EndProject
Project("{FAE04EC0-301F-11D3-BF4B-00C04F79EFBC}") = "DraftTG.Domain", "src\DraftTG.Domain\DraftTG.Domain.csproj", "{D5F568CA-8405-4347-8332-C313BCED0FF6}"
EndProject
Project("{FAE04EC0-301F-11D3-BF4B-00C04F79EFBC}") = "DraftTG.Data", "src\DraftTG.Data\DraftTG.Data.csproj", "{0BD91936-D3DF-4868-B615-1A6FC409359E}"
EndProject
Project("{FAE04EC0-301F-11D3-BF4B-00C04F79EFBC}") = "DraftTG.ArenaIntegration", "src\DraftTG.ArenaIntegration\DraftTG.ArenaIntegration.csproj", "{A28FA862-2B7C-49F8-82E5-B303BCD0F930}"
EndProject
Project("{FAE04EC0-301F-11D3-BF4B-00C04F79EFBC}") = "DraftTG.RecommendationEngine", "src\DraftTG.RecommendationEngine\DraftTG.RecommendationEngine.csproj", "{10067D34-8F73-4831-9C16-41B5F08C7CD9}"
EndProject
Project("{FAE04EC0-301F-11D3-BF4B-00C04F79EFBC}") = "DraftTG.App", "src\DraftTG.App\DraftTG.App.csproj", "{20E7DD07-6711-4A7B-A13B-B4157A39E150}"
EndProject
Project("{2150E333-8FDC-42A3-9474-1A3956D46DE8}") = "tests", "tests", "{0AB3BF05-4346-4AA6-1389-037BE0695223}"
EndProject
Project("{FAE04EC0-301F-11D3-BF4B-00C04F79EFBC}") = "DraftTG.Domain.Tests", "tests\DraftTG.Domain.Tests\DraftTG.Domain.Tests.csproj", "{AF14ECBA-BFFC-4EC9-90C1-D1F49BC3FC01}"
EndProject
Project("{FAE04EC0-301F-11D3-BF4B-00C04F79EFBC}") = "DraftTG.Data.Tests", "tests\DraftTG.Data.Tests\DraftTG.Data.Tests.csproj", "{852BE980-ABBB-4AC5-A8F5-4EF3C13CFFAC}"
EndProject
Project("{FAE04EC0-301F-11D3-BF4B-00C04F79EFBC}") = "DraftTG.ArenaIntegration.Tests", "tests\DraftTG.ArenaIntegration.Tests\DraftTG.ArenaIntegration.Tests.csproj", "{CF2A3B6D-FF8A-46A1-A281-B9969CED83E8}"
EndProject
Project("{FAE04EC0-301F-11D3-BF4B-00C04F79EFBC}") = "DraftTG.Application", "src\DraftTG.Application\DraftTG.Application.csproj", "{F3B3B177-3200-44F5-83EE-1EDF4D769276}"
EndProject
Project("{FAE04EC0-301F-11D3-BF4B-00C04F79EFBC}") = "DraftTG.Application.Tests", "tests\DraftTG.Application.Tests\DraftTG.Application.Tests.csproj", "{9D15748B-7C29-4370-8163-6768631E7221}"
EndProject
Project("{FAE04EC0-301F-11D3-BF4B-00C04F79EFBC}") = "DraftTG.App.Tests", "tests\DraftTG.App.Tests\DraftTG.App.Tests.csproj", "{BAE51A09-7674-4E18-A9C3-9B3AF1C68E10}"
EndProject
Project("{FAE04EC0-301F-11D3-BF4B-00C04F79EFBC}") = "DraftTG.RecommendationEngine.Tests", "tests\DraftTG.RecommendationEngine.Tests\DraftTG.RecommendationEngine.Tests.csproj", "{82C3788B-DB17-4B9A-ABC2-3C3F70C84275}"
EndProject
Global
	GlobalSection(SolutionConfigurationPlatforms) = preSolution
		Debug|Any CPU = Debug|Any CPU
		Debug|x64 = Debug|x64
		Debug|x86 = Debug|x86
		Release|Any CPU = Release|Any CPU
		Release|x64 = Release|x64
		Release|x86 = Release|x86
	EndGlobalSection
	GlobalSection(ProjectConfigurationPlatforms) = postSolution
		{D5F568CA-8405-4347-8332-C313BCED0FF6}.Debug|Any CPU.ActiveCfg = Debug|Any CPU
		{D5F568CA-8405-4347-8332-C313BCED0FF6}.Debug|Any CPU.Build.0 = Debug|Any CPU
		{D5F568CA-8405-4347-8332-C313BCED0FF6}.Debug|x64.ActiveCfg = Debug|Any CPU
		{D5F568CA-8405-4347-8332-C313BCED0FF6}.Debug|x64.Build.0 = Debug|Any CPU
		{D5F568CA-8405-4347-8332-C313BCED0FF6}.Debug|x86.ActiveCfg = Debug|Any CPU
		{D5F568CA-8405-4347-8332-C313BCED0FF6}.Debug|x86.Build.0 = Debug|Any CPU
		{D5F568CA-8405-4347-8332-C313BCED0FF6}.Release|Any CPU.ActiveCfg = Release|Any CPU
		{D5F568CA-8405-4347-8332-C313BCED0FF6}.Release|Any CPU.Build.0 = Release|Any CPU
		{D5F568CA-8405-4347-8332-C313BCED0FF6}.Release|x64.ActiveCfg = Release|Any CPU
		{D5F568CA-8405-4347-8332-C313BCED0FF6}.Release|x64.Build.0 = Release|Any CPU
		{D5F568CA-8405-4347-8332-C313BCED0FF6}.Release|x86.ActiveCfg = Release|Any CPU
		{D5F568CA-8405-4347-8332-C313BCED0FF6}.Release|x86.Build.0 = Release|Any CPU
		{0BD91936-D3DF-4868-B615-1A6FC409359E}.Debug|Any CPU.ActiveCfg = Debug|Any CPU
		{0BD91936-D3DF-4868-B615-1A6FC409359E}.Debug|Any CPU.Build.0 = Debug|Any CPU
		{0BD91936-D3DF-4868-B615-1A6FC409359E}.Debug|x64.ActiveCfg = Debug|Any CPU
		{0BD91936-D3DF-4868-B615-1A6FC409359E}.Debug|x64.Build.0 = Debug|Any CPU
		{0BD91936-D3DF-4868-B615-1A6FC409359E}.Debug|x86.ActiveCfg = Debug|Any CPU
		{0BD91936-D3DF-4868-B615-1A6FC409359E}.Debug|x86.Build.0 = Debug|Any CPU
		{0BD91936-D3DF-4868-B615-1A6FC409359E}.Release|Any CPU.ActiveCfg = Release|Any CPU
		{0BD91936-D3DF-4868-B615-1A6FC409359E}.Release|Any CPU.Build.0 = Release|Any CPU
		{0BD91936-D3DF-4868-B615-1A6FC409359E}.Release|x64.ActiveCfg = Release|Any CPU
		{0BD91936-D3DF-4868-B615-1A6FC409359E}.Release|x64.Build.0 = Release|Any CPU
		{0BD91936-D3DF-4868-B615-1A6FC409359E}.Release|x86.ActiveCfg = Release|Any CPU
		{0BD91936-D3DF-4868-B615-1A6FC409359E}.Release|x86.Build.0 = Release|Any CPU
		{A28FA862-2B7C-49F8-82E5-B303BCD0F930}.Debug|Any CPU.ActiveCfg = Debug|Any CPU
		{A28FA862-2B7C-49F8-82E5-B303BCD0F930}.Debug|Any CPU.Build.0 = Debug|Any CPU
		{A28FA862-2B7C-49F8-82E5-B303BCD0F930}.Debug|x64.ActiveCfg = Debug|Any CPU
		{A28FA862-2B7C-49F8-82E5-B303BCD0F930}.Debug|x64.Build.0 = Debug|Any CPU
		{A28FA862-2B7C-49F8-82E5-B303BCD0F930}.Debug|x86.ActiveCfg = Debug|Any CPU
		{A28FA862-2B7C-49F8-82E5-B303BCD0F930}.Debug|x86.Build.0 = Debug|Any CPU
		{A28FA862-2B7C-49F8-82E5-B303BCD0F930}.Release|Any CPU.ActiveCfg = Release|Any CPU
		{A28FA862-2B7C-49F8-82E5-B303BCD0F930}.Release|Any CPU.Build.0 = Release|Any CPU
		{A28FA862-2B7C-49F8-82E5-B303BCD0F930}.Release|x64.ActiveCfg = Release|Any CPU
		{A28FA862-2B7C-49F8-82E5-B303BCD0F930}.Release|x64.Build.0 = Release|Any CPU
		{A28FA862-2B7C-49F8-82E5-B303BCD0F930}.Release|x86.ActiveCfg = Release|Any CPU
		{A28FA862-2B7C-49F8-82E5-B303BCD0F930}.Release|x86.Build.0 = Release|Any CPU
		{10067D34-8F73-4831-9C16-41B5F08C7CD9}.Debug|Any CPU.ActiveCfg = Debug|Any CPU
		{10067D34-8F73-4831-9C16-41B5F08C7CD9}.Debug|Any CPU.Build.0 = Debug|Any CPU
		{10067D34-8F73-4831-9C16-41B5F08C7CD9}.Debug|x64.ActiveCfg = Debug|Any CPU
		{10067D34-8F73-4831-9C16-41B5F08C7CD9}.Debug|x64.Build.0 = Debug|Any CPU
		{10067D34-8F73-4831-9C16-41B5F08C7CD9}.Debug|x86.ActiveCfg = Debug|Any CPU
		{10067D34-8F73-4831-9C16-41B5F08C7CD9}.Debug|x86.Build.0 = Debug|Any CPU
		{10067D34-8F73-4831-9C16-41B5F08C7CD9}.Release|Any CPU.ActiveCfg = Release|Any CPU
		{10067D34-8F73-4831-9C16-41B5F08C7CD9}.Release|Any CPU.Build.0 = Release|Any CPU
		{10067D34-8F73-4831-9C16-41B5F08C7CD9}.Release|x64.ActiveCfg = Release|Any CPU
		{10067D34-8F73-4831-9C16-41B5F08C7CD9}.Release|x64.Build.0 = Release|Any CPU
		{10067D34-8F73-4831-9C16-41B5F08C7CD9}.Release|x86.ActiveCfg = Release|Any CPU
		{10067D34-8F73-4831-9C16-41B5F08C7CD9}.Release|x86.Build.0 = Release|Any CPU
		{20E7DD07-6711-4A7B-A13B-B4157A39E150}.Debug|Any CPU.ActiveCfg = Debug|Any CPU
		{20E7DD07-6711-4A7B-A13B-B4157A39E150}.Debug|Any CPU.Build.0 = Debug|Any CPU
		{20E7DD07-6711-4A7B-A13B-B4157A39E150}.Debug|x64.ActiveCfg = Debug|Any CPU
		{20E7DD07-6711-4A7B-A13B-B4157A39E150}.Debug|x64.Build.0 = Debug|Any CPU
		{20E7DD07-6711-4A7B-A13B-B4157A39E150}.Debug|x86.ActiveCfg = Debug|Any CPU
		{20E7DD07-6711-4A7B-A13B-B4157A39E150}.Debug|x86.Build.0 = Debug|Any CPU
		{20E7DD07-6711-4A7B-A13B-B4157A39E150}.Release|Any CPU.ActiveCfg = Release|Any CPU
		{20E7DD07-6711-4A7B-A13B-B4157A39E150}.Release|Any CPU.Build.0 = Release|Any CPU
		{20E7DD07-6711-4A7B-A13B-B4157A39E150}.Release|x64.ActiveCfg = Release|Any CPU
		{20E7DD07-6711-4A7B-A13B-B4157A39E150}.Release|x64.Build.0 = Release|Any CPU
		{20E7DD07-6711-4A7B-A13B-B4157A39E150}.Release|x86.ActiveCfg = Release|Any CPU
		{20E7DD07-6711-4A7B-A13B-B4157A39E150}.Release|x86.Build.0 = Release|Any CPU
		{AF14ECBA-BFFC-4EC9-90C1-D1F49BC3FC01}.Debug|Any CPU.ActiveCfg = Debug|Any CPU
		{AF14ECBA-BFFC-4EC9-90C1-D1F49BC3FC01}.Debug|Any CPU.Build.0 = Debug|Any CPU
		{AF14ECBA-BFFC-4EC9-90C1-D1F49BC3FC01}.Debug|x64.ActiveCfg = Debug|Any CPU
		{AF14ECBA-BFFC-4EC9-90C1-D1F49BC3FC01}.Debug|x64.Build.0 = Debug|Any CPU
		{AF14ECBA-BFFC-4EC9-90C1-D1F49BC3FC01}.Debug|x86.ActiveCfg = Debug|Any CPU
		{AF14ECBA-BFFC-4EC9-90C1-D1F49BC3FC01}.Debug|x86.Build.0 = Debug|Any CPU
		{AF14ECBA-BFFC-4EC9-90C1-D1F49BC3FC01}.Release|Any CPU.ActiveCfg = Release|Any CPU
		{AF14ECBA-BFFC-4EC9-90C1-D1F49BC3FC01}.Release|Any CPU.Build.0 = Release|Any CPU
		{AF14ECBA-BFFC-4EC9-90C1-D1F49BC3FC01}.Release|x64.ActiveCfg = Release|Any CPU
		{AF14ECBA-BFFC-4EC9-90C1-D1F49BC3FC01}.Release|x64.Build.0 = Release|Any CPU
		{AF14ECBA-BFFC-4EC9-90C1-D1F49BC3FC01}.Release|x86.ActiveCfg = Release|Any CPU
		{AF14ECBA-BFFC-4EC9-90C1-D1F49BC3FC01}.Release|x86.Build.0 = Release|Any CPU
		{852BE980-ABBB-4AC5-A8F5-4EF3C13CFFAC}.Debug|Any CPU.ActiveCfg = Debug|Any CPU
		{852BE980-ABBB-4AC5-A8F5-4EF3C13CFFAC}.Debug|Any CPU.Build.0 = Debug|Any CPU
		{852BE980-ABBB-4AC5-A8F5-4EF3C13CFFAC}.Debug|x64.ActiveCfg = Debug|Any CPU
		{852BE980-ABBB-4AC5-A8F5-4EF3C13CFFAC}.Debug|x64.Build.0 = Debug|Any CPU
		{852BE980-ABBB-4AC5-A8F5-4EF3C13CFFAC}.Debug|x86.ActiveCfg = Debug|Any CPU
		{852BE980-ABBB-4AC5-A8F5-4EF3C13CFFAC}.Debug|x86.Build.0 = Debug|Any CPU
		{852BE980-ABBB-4AC5-A8F5-4EF3C13CFFAC}.Release|Any CPU.ActiveCfg = Release|Any CPU
		{852BE980-ABBB-4AC5-A8F5-4EF3C13CFFAC}.Release|Any CPU.Build.0 = Release|Any CPU
		{852BE980-ABBB-4AC5-A8F5-4EF3C13CFFAC}.Release|x64.ActiveCfg = Release|Any CPU
		{852BE980-ABBB-4AC5-A8F5-4EF3C13CFFAC}.Release|x64.Build.0 = Release|Any CPU
		{852BE980-ABBB-4AC5-A8F5-4EF3C13CFFAC}.Release|x86.ActiveCfg = Release|Any CPU
		{852BE980-ABBB-4AC5-A8F5-4EF3C13CFFAC}.Release|x86.Build.0 = Release|Any CPU
		{CF2A3B6D-FF8A-46A1-A281-B9969CED83E8}.Debug|Any CPU.ActiveCfg = Debug|Any CPU
		{CF2A3B6D-FF8A-46A1-A281-B9969CED83E8}.Debug|Any CPU.Build.0 = Debug|Any CPU
		{CF2A3B6D-FF8A-46A1-A281-B9969CED83E8}.Debug|x64.ActiveCfg = Debug|Any CPU
		{CF2A3B6D-FF8A-46A1-A281-B9969CED83E8}.Debug|x64.Build.0 = Debug|Any CPU
		{CF2A3B6D-FF8A-46A1-A281-B9969CED83E8}.Debug|x86.ActiveCfg = Debug|Any CPU
		{CF2A3B6D-FF8A-46A1-A281-B9969CED83E8}.Debug|x86.Build.0 = Debug|Any CPU
		{CF2A3B6D-FF8A-46A1-A281-B9969CED83E8}.Release|Any CPU.ActiveCfg = Release|Any CPU
		{CF2A3B6D-FF8A-46A1-A281-B9969CED83E8}.Release|Any CPU.Build.0 = Release|Any CPU
		{CF2A3B6D-FF8A-46A1-A281-B9969CED83E8}.Release|x64.ActiveCfg = Release|Any CPU
		{CF2A3B6D-FF8A-46A1-A281-B9969CED83E8}.Release|x64.Build.0 = Release|Any CPU
		{CF2A3B6D-FF8A-46A1-A281-B9969CED83E8}.Release|x86.ActiveCfg = Release|Any CPU
		{CF2A3B6D-FF8A-46A1-A281-B9969CED83E8}.Release|x86.Build.0 = Release|Any CPU
		{F3B3B177-3200-44F5-83EE-1EDF4D769276}.Debug|Any CPU.ActiveCfg = Debug|Any CPU
		{F3B3B177-3200-44F5-83EE-1EDF4D769276}.Debug|Any CPU.Build.0 = Debug|Any CPU
		{F3B3B177-3200-44F5-83EE-1EDF4D769276}.Debug|x64.ActiveCfg = Debug|Any CPU
		{F3B3B177-3200-44F5-83EE-1EDF4D769276}.Debug|x64.Build.0 = Debug|Any CPU
		{F3B3B177-3200-44F5-83EE-1EDF4D769276}.Debug|x86.ActiveCfg = Debug|Any CPU
		{F3B3B177-3200-44F5-83EE-1EDF4D769276}.Debug|x86.Build.0 = Debug|Any CPU
		{F3B3B177-3200-44F5-83EE-1EDF4D769276}.Release|Any CPU.ActiveCfg = Release|Any CPU
		{F3B3B177-3200-44F5-83EE-1EDF4D769276}.Release|Any CPU.Build.0 = Release|Any CPU
		{F3B3B177-3200-44F5-83EE-1EDF4D769276}.Release|x64.ActiveCfg = Release|Any CPU
		{F3B3B177-3200-44F5-83EE-1EDF4D769276}.Release|x64.Build.0 = Release|Any CPU
		{F3B3B177-3200-44F5-83EE-1EDF4D769276}.Release|x86.ActiveCfg = Release|Any CPU
		{F3B3B177-3200-44F5-83EE-1EDF4D769276}.Release|x86.Build.0 = Release|Any CPU
		{9D15748B-7C29-4370-8163-6768631E7221}.Debug|Any CPU.ActiveCfg = Debug|Any CPU
		{9D15748B-7C29-4370-8163-6768631E7221}.Debug|Any CPU.Build.0 = Debug|Any CPU
		{9D15748B-7C29-4370-8163-6768631E7221}.Debug|x64.ActiveCfg = Debug|Any CPU
		{9D15748B-7C29-4370-8163-6768631E7221}.Debug|x64.Build.0 = Debug|Any CPU
		{9D15748B-7C29-4370-8163-6768631E7221}.Debug|x86.ActiveCfg = Debug|Any CPU
		{9D15748B-7C29-4370-8163-6768631E7221}.Debug|x86.Build.0 = Debug|Any CPU
		{9D15748B-7C29-4370-8163-6768631E7221}.Release|Any CPU.ActiveCfg = Release|Any CPU
		{9D15748B-7C29-4370-8163-6768631E7221}.Release|Any CPU.Build.0 = Release|Any CPU
		{9D15748B-7C29-4370-8163-6768631E7221}.Release|x64.ActiveCfg = Release|Any CPU
		{9D15748B-7C29-4370-8163-6768631E7221}.Release|x64.Build.0 = Release|Any CPU
		{9D15748B-7C29-4370-8163-6768631E7221}.Release|x86.ActiveCfg = Release|Any CPU
		{9D15748B-7C29-4370-8163-6768631E7221}.Release|x86.Build.0 = Release|Any CPU
		{BAE51A09-7674-4E18-A9C3-9B3AF1C68E10}.Debug|Any CPU.ActiveCfg = Debug|Any CPU
		{BAE51A09-7674-4E18-A9C3-9B3AF1C68E10}.Debug|Any CPU.Build.0 = Debug|Any CPU
		{BAE51A09-7674-4E18-A9C3-9B3AF1C68E10}.Debug|x64.ActiveCfg = Debug|Any CPU
		{BAE51A09-7674-4E18-A9C3-9B3AF1C68E10}.Debug|x64.Build.0 = Debug|Any CPU
		{BAE51A09-7674-4E18-A9C3-9B3AF1C68E10}.Debug|x86.ActiveCfg = Debug|Any CPU
		{BAE51A09-7674-4E18-A9C3-9B3AF1C68E10}.Debug|x86.Build.0 = Debug|Any CPU
		{BAE51A09-7674-4E18-A9C3-9B3AF1C68E10}.Release|Any CPU.ActiveCfg = Release|Any CPU
		{BAE51A09-7674-4E18-A9C3-9B3AF1C68E10}.Release|Any CPU.Build.0 = Release|Any CPU
		{BAE51A09-7674-4E18-A9C3-9B3AF1C68E10}.Release|x64.ActiveCfg = Release|Any CPU
		{BAE51A09-7674-4E18-A9C3-9B3AF1C68E10}.Release|x64.Build.0 = Release|Any CPU
		{BAE51A09-7674-4E18-A9C3-9B3AF1C68E10}.Release|x86.ActiveCfg = Release|Any CPU
		{BAE51A09-7674-4E18-A9C3-9B3AF1C68E10}.Release|x86.Build.0 = Release|Any CPU
		{82C3788B-DB17-4B9A-ABC2-3C3F70C84275}.Debug|Any CPU.ActiveCfg = Debug|Any CPU
		{82C3788B-DB17-4B9A-ABC2-3C3F70C84275}.Debug|Any CPU.Build.0 = Debug|Any CPU
		{82C3788B-DB17-4B9A-ABC2-3C3F70C84275}.Debug|x64.ActiveCfg = Debug|Any CPU
		{82C3788B-DB17-4B9A-ABC2-3C3F70C84275}.Debug|x64.Build.0 = Debug|Any CPU
		{82C3788B-DB17-4B9A-ABC2-3C3F70C84275}.Debug|x86.ActiveCfg = Debug|Any CPU
		{82C3788B-DB17-4B9A-ABC2-3C3F70C84275}.Debug|x86.Build.0 = Debug|Any CPU
		{82C3788B-DB17-4B9A-ABC2-3C3F70C84275}.Release|Any CPU.ActiveCfg = Release|Any CPU
		{82C3788B-DB17-4B9A-ABC2-3C3F70C84275}.Release|Any CPU.Build.0 = Release|Any CPU
		{82C3788B-DB17-4B9A-ABC2-3C3F70C84275}.Release|x64.ActiveCfg = Release|Any CPU
		{82C3788B-DB17-4B9A-ABC2-3C3F70C84275}.Release|x64.Build.0 = Release|Any CPU
		{82C3788B-DB17-4B9A-ABC2-3C3F70C84275}.Release|x86.ActiveCfg = Release|Any CPU
		{82C3788B-DB17-4B9A-ABC2-3C3F70C84275}.Release|x86.Build.0 = Release|Any CPU
	EndGlobalSection
	GlobalSection(SolutionProperties) = preSolution
		HideSolutionNode = FALSE
	EndGlobalSection
	GlobalSection(NestedProjects) = preSolution
		{D5F568CA-8405-4347-8332-C313BCED0FF6} = {827E0CD3-B72D-47B6-A68D-7590B98EB39B}
		{0BD91936-D3DF-4868-B615-1A6FC409359E} = {827E0CD3-B72D-47B6-A68D-7590B98EB39B}
		{A28FA862-2B7C-49F8-82E5-B303BCD0F930} = {827E0CD3-B72D-47B6-A68D-7590B98EB39B}
		{10067D34-8F73-4831-9C16-41B5F08C7CD9} = {827E0CD3-B72D-47B6-A68D-7590B98EB39B}
		{20E7DD07-6711-4A7B-A13B-B4157A39E150} = {827E0CD3-B72D-47B6-A68D-7590B98EB39B}
		{AF14ECBA-BFFC-4EC9-90C1-D1F49BC3FC01} = {0AB3BF05-4346-4AA6-1389-037BE0695223}
		{852BE980-ABBB-4AC5-A8F5-4EF3C13CFFAC} = {0AB3BF05-4346-4AA6-1389-037BE0695223}
		{CF2A3B6D-FF8A-46A1-A281-B9969CED83E8} = {0AB3BF05-4346-4AA6-1389-037BE0695223}
		{F3B3B177-3200-44F5-83EE-1EDF4D769276} = {827E0CD3-B72D-47B6-A68D-7590B98EB39B}
		{9D15748B-7C29-4370-8163-6768631E7221} = {0AB3BF05-4346-4AA6-1389-037BE0695223}
		{BAE51A09-7674-4E18-A9C3-9B3AF1C68E10} = {0AB3BF05-4346-4AA6-1389-037BE0695223}
		{82C3788B-DB17-4B9A-ABC2-3C3F70C84275} = {0AB3BF05-4346-4AA6-1389-037BE0695223}
	EndGlobalSection
EndGlobal
